
Microsoft Visual Studio Solution File, Format Version 12.00
# Visual Studio Version 17
VisualStudioVersion = 17.6.33712.159
MinimumVisualStudioVersion = 10.0.40219.1
Project("{9A19103F-16F7-4668-BE54-9A1E7A4F7556}") = "TODOFront", "TODOFront.csproj", "{4067E690-0CD1-4564-8B51-FDE2F61D952D}"
EndProject
Global
	GlobalSection(SolutionConfigurationPlatforms) = preSolution
		Debug|Any CPU = Debug|Any CPU
		Release|Any CPU = Release|Any CPU
	EndGlobalSection
	GlobalSection(ProjectConfigurationPlatforms) = postSolution
		{4067E690-0CD1-4564-8B51-FDE2F61D952D}.Debug|Any CPU.ActiveCfg = Debug|Any CPU
		{4067E690-0CD1-4564-8B51-FDE2F61D952D}.Debug|Any CPU.Build.0 = Debug|Any CPU
		{4067E690-0CD1-4564-8B51-FDE2F61D952D}.Release|Any CPU.ActiveCfg = Release|Any CPU
		{4067E690-0CD1-4564-8B51-FDE2F61D952D}.Release|Any CPU.Build.0 = Release|Any CPU
	EndGlobalSection
	GlobalSection(SolutionProperties) = preSolution
		HideSolutionNode = FALSE
	EndGlobalSection
	GlobalSection(ExtensibilityGlobals) = postSolution
		SolutionGuid = {8107B403-22D7-41AC-9627-605B222DB4B9}
	EndGlobalSection
EndGlobal
